
Microsoft Visual Studio Solution File, Format Version 12.00
# Visual Studio Version 17
VisualStudioVersion = 17.14.36109.1 d17.14
MinimumVisualStudioVersion = 10.0.40219.1
Project("{FAE04EC0-301F-11D3-BF4B-00C04F79EFBC}") = "tarea2_v2", "tarea2_v2\tarea2_v2.csproj", "{CC6F6BE6-6F3E-4902-BDB0-B6D648CCC5A9}"
EndProject
Global
	GlobalSection(SolutionConfigurationPlatforms) = preSolution
		Debug|Any CPU = Debug|Any CPU
		Release|Any CPU = Release|Any CPU
	EndGlobalSection
	GlobalSection(ProjectConfigurationPlatforms) = postSolution
		{CC6F6BE6-6F3E-4902-BDB0-B6D648CCC5A9}.Debug|Any CPU.ActiveCfg = Debug|Any CPU
		{CC6F6BE6-6F3E-4902-BDB0-B6D648CCC5A9}.Debug|Any CPU.Build.0 = Debug|Any CPU
		{CC6F6BE6-6F3E-4902-BDB0-B6D648CCC5A9}.Release|Any CPU.ActiveCfg = Release|Any CPU
		{CC6F6BE6-6F3E-4902-BDB0-B6D648CCC5A9}.Release|Any CPU.Build.0 = Release|Any CPU
	EndGlobalSection
	GlobalSection(SolutionProperties) = preSolution
		HideSolutionNode = FALSE
	EndGlobalSection
	GlobalSection(ExtensibilityGlobals) = postSolution
		SolutionGuid = {38D0A7C5-FE63-467D-908F-0F33E1F065E3}
	EndGlobalSection
EndGlobal
